{
    "hash": "ac206f6c7e4b8d502b61a15e9e314e7f",
    "packages": [
        {
            "name": "dflydev/markdown",
            "version": "v1.0.2",
            "source": {
                "type": "git",
                "url": "https://github.com/dflydev/dflydev-markdown.git",
                "reference": "v1.0.2"
            },
            "dist": {
                "type": "zip",
                "url": "https://github.com/dflydev/dflydev-markdown/zipball/v1.0.2",
                "reference": "v1.0.2",
                "shasum": ""
            },
            "require": {
                "php": ">=5.3"
            },
            "time": "2012-01-15 19:36:37",
            "type": "library",
            "autoload": {
                "psr-0": {
                    "dflydev\\markdown": "src"
                }
            },
            "notification-url": "https://packagist.org/downloads/",
            "license": [
                "New BSD License"
            ],
            "authors": [
                {
                    "name": "Dragonfly Development Inc.",
                    "email": "info@dflydev.com",
                    "homepage": "http://dflydev.com"
                },
                {
                    "name": "Beau Simensen",
                    "email": "beau@dflydev.com",
                    "homepage": "http://beausimensen.com"
                },
                {
                    "name": "Michel Fortin",
                    "homepage": "http://michelf.com"
                },
                {
                    "name": "John Gruber",
                    "homepage": "http://daringfireball.net"
                }
            ],
            "description": "PHP Markdown & Extra",
            "homepage": "http://github.com/dflydev/dflydev-markdown",
            "keywords": [
                "markdown"
            ]
        },
        {
            "name": "doctrine/common",
            "version": "2.3.0",
            "source": {
                "type": "git",
                "url": "https://github.com/doctrine/common",
                "reference": "2.3.0"
            },
            "dist": {
                "type": "zip",
                "url": "https://github.com/doctrine/common/zipball/2.3.0",
                "reference": "2.3.0",
                "shasum": ""
            },
            "require": {
                "php": ">=5.3.2"
            },
            "time": "2012-09-19 22:55:18",
            "type": "library",
            "extra": {
                "branch-alias": {
                    "dev-master": "2.3.x-dev"
                }
            },
            "autoload": {
                "psr-0": {
                    "Doctrine\\Common": "lib/"
                }
            },
            "notification-url": "https://packagist.org/downloads/",
            "license": [
                "MIT"
            ],
            "authors": [
                {
                    "name": "Jonathan Wage",
                    "email": "jonwage@gmail.com",
                    "homepage": "http://www.jwage.com/"
                },
                {
                    "name": "Guilherme Blanco",
                    "email": "guilhermeblanco@gmail.com",
                    "homepage": "http://www.instaclick.com"
                },
                {
                    "name": "Roman Borschel",
                    "email": "roman@code-factory.org"
                },
                {
                    "name": "Benjamin Eberlei",
                    "email": "kontakt@beberlei.de"
                },
                {
                    "name": "Johannes Schmitt",
                    "email": "schmittjoh@gmail.com",
                    "homepage": "https://github.com/schmittjoh",
                    "role": "Developer of wrapped JMSSerializerBundle"
                }
            ],
            "description": "Common Library for Doctrine projects",
            "homepage": "http://www.doctrine-project.org",
            "keywords": [
                "collections",
                "spl",
                "eventmanager",
                "annotations",
                "persistence"
            ]
        },
        {
            "name": "friendsofsymfony/rest",
            "version": "dev-master",
            "target-dir": "FOS/Rest",
            "source": {
                "type": "git",
                "url": "https://github.com/FriendsOfSymfony/FOSRest",
                "reference": "33c35fa3f8e7c3dd08085d849ebaa5bda54dfba4"
            },
            "dist": {
                "type": "zip",
                "url": "https://api.github.com/repos/FriendsOfSymfony/FOSRest/zipball/33c35fa3f8e7c3dd08085d849ebaa5bda54dfba4",
                "reference": "33c35fa3f8e7c3dd08085d849ebaa5bda54dfba4",
                "shasum": ""
            },
            "require": {
                "php": ">=5.3.2",
                "symfony/http-foundation": ">=2.0,<2.3-dev"
            },
            "time": "2013-01-18 10:39:23",
            "type": "library",
            "extra": {
                "branch-alias": {
                    "dev-master": "0.8.x-dev"
                }
            },
            "autoload": {
                "psr-0": {
                    "FOS\\Rest": ""
                }
            },
            "notification-url": "https://packagist.org/downloads/",
            "license": [
                "MIT"
            ],
            "authors": [
                {
                    "name": "Lukas Kahwe Smith",
                    "email": "smith@pooteeweet.org"
                },
                {
                    "name": "FriendsOfSymfony Community",
                    "homepage": "https://github.com/FriendsOfSymfony/FOSRest/contributors"
                }
            ],
            "description": "This library provides various tools to develop RESTful API's",
            "homepage": "http://friendsofsymfony.github.com",
            "keywords": [
                "rest"
            ]
        },
        {
            "name": "friendsofsymfony/rest-bundle",
            "version": "dev-master",
            "target-dir": "FOS/RestBundle",
            "source": {
                "type": "git",
                "url": "https://github.com/FriendsOfSymfony/FOSRestBundle",
                "reference": "c61be053eca032bd19c8a6a7a60d14bbb9d4eaaf"
            },
            "dist": {
                "type": "zip",
                "url": "https://api.github.com/repos/FriendsOfSymfony/FOSRestBundle/zipball/c61be053eca032bd19c8a6a7a60d14bbb9d4eaaf",
                "reference": "c61be053eca032bd19c8a6a7a60d14bbb9d4eaaf",
                "shasum": ""
            },
            "require": {
                "php": ">=5.3.2",
                "symfony/framework-bundle": ">=2.0,<2.3-dev",
                "friendsofsymfony/rest": ">=0.7.0,<0.9.0-dev"
            },
            "conflict": {
                "jms/serializer-bundle": "<1.0-dev"
            },
            "require-dev": {
                "sensio/framework-extra-bundle": ">=2.1,<2.3-dev",
                "symfony/form": ">=2.1,<2.3-dev",
                "symfony/yaml": ">=2.1,<2.3-dev",
                "symfony/security": ">=2.1,<2.3-dev",
                "jms/serializer-bundle": "1.0.*"
            },
            "suggest": {
                "symfony/serializer": "Add support for basic serialization capabilities, requires >=2.0,<2.3-dev",
                "sensio/framework-extra-bundle": "Add support for route annotations and the view response listener",
                "jms/serializer-bundle": "Add support for advanced serialization capabilities, recommended, requires 1.0.*"
            },
            "time": "2013-02-02 23:16:22",
            "type": "symfony-bundle",
            "extra": {
                "branch-alias": {
                    "dev-master": "0.11.x-dev"
                }
            },
            "autoload": {
                "psr-0": {
                    "FOS\\RestBundle": ""
                }
            },
            "notification-url": "https://packagist.org/downloads/",
            "license": [
                "MIT"
            ],
            "authors": [
                {
                    "name": "Lukas Kahwe Smith",
                    "email": "smith@pooteeweet.org"
                },
                {
                    "name": "FriendsOfSymfony Community",
                    "homepage": "https://github.com/friendsofsymfony/FOSRestBundle/contributors"
                },
                {
                    "name": "Konstantin Kudryashov",
                    "email": "ever.zet@gmail.com",
                    "homepage": "http://everzet.com"
                }
            ],
            "description": "This Bundle provides various tools to rapidly develop RESTful API's with Symfony2",
            "homepage": "http://friendsofsymfony.github.com",
            "keywords": [
                "rest"
            ]
        },
        {
            "name": "jms/aop-bundle",
            "version": "1.0.0",
            "target-dir": "JMS/AopBundle",
            "source": {
                "type": "git",
                "url": "https://github.com/schmittjoh/JMSAopBundle",
                "reference": "1.0.0"
            },
            "dist": {
                "type": "zip",
                "url": "https://github.com/schmittjoh/JMSAopBundle/zipball/1.0.0",
                "reference": "1.0.0",
                "shasum": ""
            },
            "require": {
                "symfony/framework-bundle": "2.*",
                "jms/cg": "1.0.0"
            },
            "time": "2012-01-02 12:50:26",
            "type": "symfony-bundle",
            "autoload": {
                "psr-0": {
                    "JMS\\AopBundle": ""
                }
            },
            "notification-url": "https://packagist.org/downloads/",
            "license": [
                "Apache"
            ],
            "authors": [
                {
                    "name": "Johannes M. Schmitt",
                    "email": "schmittjoh@gmail.com",
                    "homepage": "https://github.com/schmittjoh",
                    "role": "Developer of wrapped JMSSerializerBundle"
                }
            ],
            "description": "Adds AOP capabilities to Symfony2",
            "keywords": [
                "annotations",
                "aop"
            ]
        },
        {
            "name": "jms/cg",
            "version": "1.0.0",
            "source": {
                "type": "git",
                "url": "git://github.com/schmittjoh/cg-library.git",
                "reference": "1.0.0"
            },
            "dist": {
                "type": "zip",
                "url": "https://github.com/schmittjoh/cg-library/zipball/1.0.0",
                "reference": "1.0.0",
                "shasum": ""
            },
            "require": {
                "php": ">=5.3.0"
            },
            "time": "2012-01-02 12:40:52",
            "type": "library",
            "autoload": {
                "psr-0": {
                    "CG\\": "src/"
                }
            },
            "notification-url": "https://packagist.org/downloads/",
            "license": [
                "Apache"
            ],
            "authors": [
                {
                    "name": "Johannes M. Schmitt",
                    "email": "schmittjoh@gmail.com",
                    "homepage": "https://github.com/schmittjoh",
                    "role": "Developer of wrapped JMSSerializerBundle"
                }
            ],
            "description": "Toolset for generating PHP code",
            "keywords": [
                "code generation"
            ]
        },
        {
            "name": "jms/di-extra-bundle",
            "version": "dev-master",
            "target-dir": "JMS/DiExtraBundle",
            "source": {
                "type": "git",
                "url": "https://github.com/schmittjoh/JMSDiExtraBundle",
                "reference": "47e7c35ce3ba0ade9418ea8dd8e0da4bc320c8cc"
            },
            "dist": {
                "type": "zip",
                "url": "https://api.github.com/repos/schmittjoh/JMSDiExtraBundle/zipball/47e7c35ce3ba0ade9418ea8dd8e0da4bc320c8cc",
                "reference": "47e7c35ce3ba0ade9418ea8dd8e0da4bc320c8cc",
                "shasum": ""
            },
            "require": {
                "symfony/framework-bundle": ">=2.1.0,<2.3-dev",
                "symfony/process": ">=2.1.0,<2.3-dev",
                "symfony/finder": ">=2.1.0,<2.3-dev",
                "jms/aop-bundle": ">=1.0.0,<1.2-dev",
                "jms/metadata": "1.*"
            },
            "require-dev": {
                "jms/security-extra-bundle": "1.*",
                "symfony/validator": "*",
                "symfony/form": "*",
                "symfony/class-loader": "*",
                "symfony/yaml": "*",
                "symfony/browser-kit": "*",
                "symfony/security-bundle": "*",
                "symfony/twig-bundle": "*",
                "sensio/framework-extra-bundle": "*",
                "doctrine/doctrine-bundle": "*",
                "doctrine/orm": "*",
                "phpcollection/phpcollection": ">=0.1,<0.3-dev"
            },
            "time": "2013-01-30 21:51:54",
            "type": "symfony-bundle",
            "extra": {
                "branch-alias": {
                    "dev-master": "1.3-dev"
                }
            },
            "autoload": {
                "psr-0": {
                    "JMS\\DiExtraBundle": ""
                }
            },
            "notification-url": "https://packagist.org/downloads/",
            "license": [
                "Apache"
            ],
            "authors": [
                {
                    "name": "Johannes M. Schmitt",
                    "email": "schmittjoh@gmail.com",
                    "homepage": "https://github.com/schmittjoh",
                    "role": "Developer of wrapped JMSSerializerBundle"
                }
            ],
            "description": "Allows to configure dependency injection using annotations",
            "homepage": "http://jmsyst.com/bundles/JMSDiExtraBundle",
            "keywords": [
                "dependency injection",
                "annotations"
            ]
        },
        {
            "name": "jms/metadata",
            "version": "1.1.1",
            "source": {
                "type": "git",
                "url": "https://github.com/schmittjoh/metadata",
                "reference": "1.1.1"
            },
            "dist": {
                "type": "zip",
                "url": "https://github.com/schmittjoh/metadata/zipball/1.1.1",
                "reference": "1.1.1",
                "shasum": ""
            },
            "require": {
                "php": ">=5.3.0"
            },
            "time": "2012-01-02 13:32:49",
            "type": "library",
            "autoload": {
                "psr-0": {
                    "Metadata\\": "src/"
                }
            },
            "notification-url": "https://packagist.org/downloads/",
            "license": [
                "Apache"
            ],
            "authors": [
                {
                    "name": "Johannes M. Schmitt",
                    "email": "schmittjoh@gmail.com",
                    "homepage": "https://github.com/schmittjoh",
                    "role": "Developer of wrapped JMSSerializerBundle"
                }
            ],
            "description": "Class/method/property metadata management in PHP",
            "keywords": [
                "annotations",
                "yaml",
                "xml",
                "metadata"
            ]
        },
        {
            "name": "jms/parser-lib",
            "version": "1.0.0",
            "source": {
                "type": "git",
                "url": "git://github.com/schmittjoh/parser-lib",
                "reference": "1.0.0"
            },
            "dist": {
                "type": "zip",
                "url": "https://github.com/schmittjoh/parser-lib/archive/1.0.0.zip",
                "reference": "1.0.0",
                "shasum": ""
            },
            "require": {
                "phpoption/phpoption": ">=0.9,<2.0-dev"
            },
            "time": "2012-11-18 18:08:43",
            "type": "library",
            "extra": {
                "branch-alias": {
                    "dev-master": "1.0-dev"
                }
            },
            "autoload": {
                "psr-0": {
                    "JMS\\": "src/"
                }
            },
            "notification-url": "https://packagist.org/downloads/",
            "license": [
                "Apache2"
            ],
            "description": "A library for easily creating recursive-descent parsers."
        },
        {
            "name": "jms/serializer",
            "version": "dev-master",
            "source": {
                "type": "git",
                "url": "git://github.com/schmittjoh/serializer",
                "reference": "71388cc58d4c146136ff7e32d9691562ddd5ae99"
            },
            "dist": {
                "type": "zip",
                "url": "https://api.github.com/repos/schmittjoh/serializer/zipball/71388cc58d4c146136ff7e32d9691562ddd5ae99",
                "reference": "71388cc58d4c146136ff7e32d9691562ddd5ae99",
                "shasum": ""
            },
            "require": {
                "php": ">=5.3.2",
                "jms/metadata": ">=1.1.0,<1.3-dev",
                "jms/parser-lib": "1.*",
                "doctrine/common": "2.*",
                "phpcollection/phpcollection": ">=0.1,<0.3-dev"
            },
            "require-dev": {
                "twig/twig": ">=1.8,<2.0-dev",
                "doctrine/orm": ">=2.1,<2.4-dev",
                "symfony/yaml": "2.*",
                "symfony/translation": ">=2.0,<2.2-dev",
                "symfony/validator": ">=2.0,<2.2-dev",
                "symfony/filesystem": "2.*",
                "symfony/form": ">=2.1,<2.2-dev"
            },
            "suggest": {
                "symfony/yaml": "Required if you'd like to serialize data to YAML format."
            },
            "time": "2013-01-29 10:56:07",
            "type": "library",
            "extra": {
                "branch-alias": {
                    "dev-master": "1.0-dev"
                }
            },
            "autoload": {
                "psr-0": {
                    "JMS\\Serializer": "src/"
                }
            },
            "notification-url": "https://packagist.org/downloads/",
            "license": [
                "Apache2"
            ],
            "authors": [
                {
                    "name": "Johannes M. Schmitt",
                    "email": "schmittjoh@gmail.com",
                    "homepage": "https://github.com/schmittjoh",
                    "role": "Developer of wrapped JMSSerializerBundle"
                }
            ],
            "description": "Library for (de-)serializing data of any complexity; supports XML, JSON, and YAML.",
            "homepage": "http://jmsyst.com/libs/serializer",
            "keywords": [
                "json",
                "xml",
                "serialization",
                "deserialization",
                "jaxb"
            ]
        },
        {
            "name": "jms/serializer-bundle",
            "version": "dev-master",
            "target-dir": "JMS/SerializerBundle",
            "source": {
                "type": "git",
                "url": "https://github.com/schmittjoh/JMSSerializerBundle.git",
                "reference": "6cdbcbd0fc121d578a9d1eee08e2567cc47dbf40"
            },
            "dist": {
                "type": "zip",
                "url": "https://api.github.com/repos/schmittjoh/JMSSerializerBundle/zipball/6cdbcbd0fc121d578a9d1eee08e2567cc47dbf40",
                "reference": "6cdbcbd0fc121d578a9d1eee08e2567cc47dbf40",
                "shasum": ""
            },
            "require": {
                "php": ">=5.3.2",
                "jms/serializer": "1.0.*",
                "jms/di-extra-bundle": ">=1.3",
                "symfony/framework-bundle": ">=2.1,<3.0-dev"
            },
            "require-dev": {
                "symfony/yaml": "*",
                "symfony/browser-kit": "*",
                "symfony/class-loader": "*",
                "symfony/finder": "*",
                "symfony/css-selector": "*",
                "symfony/process": "*",
                "doctrine/doctrine-bundle": "*",
                "symfony/twig-bundle": "*",
                "doctrine/orm": "*",
                "symfony/form": "*",
                "symfony/validator": "*"
            },
            "suggest": {
                "symfony/yaml": "Required if you'd like to serialize content to YAML format."
            },
            "time": "2013-02-07 19:33:03",
            "type": "symfony-bundle",
            "extra": {
                "branch-alias": {
                    "dev-master": "1.0-dev"
                }
            },
            "autoload": {
                "psr-0": {
                    "JMS\\SerializerBundle": ""
                }
            },
            "notification-url": "https://packagist.org/downloads/",
            "license": [
                "Apache2"
            ],
            "authors": [
                {
                    "name": "Johannes M. Schmitt",
                    "email": "schmittjoh@gmail.com",
                    "homepage": "https://github.com/schmittjoh",
                    "role": "Developer of wrapped JMSSerializerBundle"
                }
            ],
            "description": "Allows you to easily serialize, and deserialize data of any complexity",
            "homepage": "http://jmsyst.com/bundles/JMSSerializerBundle",
            "keywords": [
                "json",
                "xml",
                "serialization",
                "deserialization",
                "jaxb"
            ]
        },
        {
            "name": "nelmio/api-doc-bundle",
            "version": "dev-master",
            "target-dir": "Nelmio/ApiDocBundle",
            "source": {
                "type": "git",
                "url": "http://github.com/nelmio/NelmioApiDocBundle",
                "reference": "c946fbcf4f89a4049b537dfab46c857c1f469710"
            },
            "dist": {
                "type": "zip",
                "url": "https://api.github.com/repos/nelmio/NelmioApiDocBundle/zipball/c946fbcf4f89a4049b537dfab46c857c1f469710",
                "reference": "c946fbcf4f89a4049b537dfab46c857c1f469710",
                "shasum": ""
            },
            "require": {
                "dflydev/markdown": "1.0.*",
                "symfony/framework-bundle": ">=2.1,<2.3-dev",
                "symfony/twig-bundle": ">=2.1,<2.3-dev",
                "symfony/form": ">=2.1,<2.3-dev"
            },
            "require-dev": {
                "friendsofsymfony/rest-bundle": "dev-master",
                "jms/serializer-bundle": "0.9.*",
                "symfony/css-selector": ">=2.1,<2.3-dev",
                "symfony/browser-kit": ">=2.1,<2.3-dev",
                "symfony/validator": ">=2.1,<2.3-dev",
                "symfony/yaml": ">=2.1,<2.3-dev"
            },
            "time": "2012-12-11 09:42:04",
            "type": "symfony-bundle",
            "extra": {
                "branch-alias": {
                    "dev-master": "2.0.x-dev"
                }
            },
            "autoload": {
                "psr-0": {
                    "Nelmio\\ApiDocBundle": ""
                }
            },
            "notification-url": "https://packagist.org/downloads/",
            "license": [
                "MIT"
            ],
            "authors": [
                {
                    "name": "Nelmio",
                    "homepage": "http://nelm.io"
                },
                {
                    "name": "Symfony Community",
                    "homepage": "https://github.com/nelmio/NelmioApiDocBundle/contributors"
                }
            ],
            "description": "Generates documentation for your REST API from annotations",
            "keywords": [
                "documentation",
                "rest",
                "api",
                "doc"
            ]
        },
        {
            "name": "phpcollection/phpcollection",
            "version": "0.1.0",
            "source": {
                "type": "git",
                "url": "git://github.com/schmittjoh/php-collection",
                "reference": "0.1.0"
            },
            "dist": {
                "type": "zip",
                "url": "https://github.com/schmittjoh/php-collection/archive/0.1.0.zip",
                "reference": "0.1.0",
                "shasum": ""
            },
            "require": {
                "phpoption/phpoption": ">=0.9,<2.0-dev"
            },
            "time": "2012-12-19 17:39:56",
            "type": "library",
            "extra": {
                "branch-alias": {
                    "dev-master": "0.1-dev"
                }
            },
            "autoload": {
                "psr-0": {
                    "PhpCollection": "src/"
                }
            },
            "notification-url": "https://packagist.org/downloads/",
            "license": [
                "Apache2"
            ],
            "authors": [
                {
                    "name": "Johannes M. Schmitt",
                    "email": "schmittjoh@gmail.com",
                    "homepage": "https://github.com/schmittjoh",
                    "role": "Developer of wrapped JMSSerializerBundle"
                }
            ],
            "description": "General-Purpose Collection Library for PHP",
            "keywords": [
                "map",
                "set",
                "list",
                "sequence",
                "collection"
            ]
        },
        {
            "name": "phpoption/phpoption",
            "version": "1.1.0",
            "source": {
                "type": "git",
                "url": "git://github.com/schmittjoh/php-option",
                "reference": "1.1.0"
            },
            "dist": {
                "type": "zip",
                "url": "https://github.com/schmittjoh/php-option/archive/1.1.0.zip",
                "reference": "1.1.0",
                "shasum": ""
            },
            "require": {
                "php": ">=5.3.0"
            },
            "time": "2013-01-19 11:01:32",
            "type": "library",
            "extra": {
                "branch-alias": {
                    "dev-master": "1.1-dev"
                }
            },
            "autoload": {
                "psr-0": {
                    "PhpOption\\": "src/"
                }
            },
            "notification-url": "https://packagist.org/downloads/",
            "license": [
                "Apache2"
            ],
            "authors": [
                {
                    "name": "Johannes M. Schmitt",
                    "email": "schmittjoh@gmail.com",
                    "homepage": "https://github.com/schmittjoh",
                    "role": "Developer of wrapped JMSSerializerBundle"
                }
            ],
            "description": "Option Type for PHP",
            "keywords": [
                "php",
                "language",
                "type",
                "option"
            ]
        },
        {
            "name": "sensio/framework-extra-bundle",
            "version": "v2.1.7",
            "target-dir": "Sensio/Bundle/FrameworkExtraBundle",
            "source": {
                "type": "git",
                "url": "https://github.com/sensio/SensioFrameworkExtraBundle",
                "reference": "v2.1.7"
            },
            "dist": {
                "type": "zip",
                "url": "https://github.com/sensio/SensioFrameworkExtraBundle/archive/v2.1.7.zip",
                "reference": "v2.1.7",
                "shasum": ""
            },
            "require": {
                "symfony/framework-bundle": "2.1.*",
                "doctrine/common": ">=2.1,<2.4-dev"
            },
            "time": "2013-01-04 17:06:26",
            "type": "symfony-bundle",
            "extra": {
                "branch-alias": {
                    "dev-master": "2.1.x-dev"
                }
            },
            "autoload": {
                "psr-0": {
                    "Sensio\\Bundle\\FrameworkExtraBundle": ""
                }
            },
            "notification-url": "https://packagist.org/downloads/",
            "license": [
                "MIT"
            ],
            "authors": [
                {
                    "name": "Fabien Potencier",
                    "email": "fabien@symfony.com"
                }
            ],
            "description": "This bundle provides a way to configure your controllers with annotations",
            "keywords": [
                "annotations",
                "controllers"
            ]
        },
        {
            "name": "symfony/symfony",
            "version": "v2.1.7",
            "source": {
                "type": "git",
                "url": "git://github.com/symfony/symfony.git",
                "reference": "v2.1.7"
            },
            "dist": {
                "type": "zip",
                "url": "https://github.com/symfony/symfony/archive/v2.1.7.zip",
                "reference": "v2.1.7",
                "shasum": ""
            },
            "require": {
                "php": ">=5.3.3",
                "doctrine/common": ">2.2,<2.4-dev",
                "twig/twig": ">=1.9.1,<2.0-dev"
            },
            "replace": {
                "symfony/doctrine-bridge": "self.version",
                "symfony/monolog-bridge": "self.version",
                "symfony/propel1-bridge": "self.version",
                "symfony/swiftmailer-bridge": "self.version",
                "symfony/twig-bridge": "self.version",
                "symfony/framework-bundle": "self.version",
                "symfony/security-bundle": "self.version",
                "symfony/twig-bundle": "self.version",
                "symfony/web-profiler-bundle": "self.version",
                "symfony/browser-kit": "self.version",
                "symfony/class-loader": "self.version",
                "symfony/config": "self.version",
                "symfony/console": "self.version",
                "symfony/css-selector": "self.version",
                "symfony/dependency-injection": "self.version",
                "symfony/dom-crawler": "self.version",
                "symfony/event-dispatcher": "self.version",
                "symfony/filesystem": "self.version",
                "symfony/finder": "self.version",
                "symfony/form": "self.version",
                "symfony/http-foundation": "self.version",
                "symfony/http-kernel": "self.version",
                "symfony/locale": "self.version",
                "symfony/options-resolver": "self.version",
                "symfony/process": "self.version",
                "symfony/routing": "self.version",
                "symfony/security": "self.version",
                "symfony/serializer": "self.version",
                "symfony/templating": "self.version",
                "symfony/translation": "self.version",
                "symfony/validator": "self.version",
                "symfony/yaml": "self.version"
            },
            "require-dev": {
                "doctrine/dbal": ">=2.2,<2.4-dev",
                "doctrine/orm": ">=2.2.3,<2.4-dev",
                "doctrine/data-fixtures": "1.0.*",
                "propel/propel1": "dev-master",
                "monolog/monolog": ">=1.0,<1.3-dev"
            },
            "time": "2013-01-17 21:21:51",
            "type": "library",
            "autoload": {
                "psr-0": {
                    "Symfony": "src/",
                    "SessionHandlerInterface": "src/Symfony/Component/HttpFoundation/Resources/stubs"
                }
            },
            "notification-url": "https://packagist.org/downloads/",
            "license": [
                "MIT"
            ],
            "authors": [
                {
                    "name": "Fabien Potencier",
                    "email": "fabien@symfony.com"
                },
                {
                    "name": "Symfony Community",
                    "homepage": "http://symfony.com/contributors"
                }
            ],
            "description": "The Symfony PHP framework",
            "homepage": "http://symfony.com",
            "keywords": [
                "framework"
            ]
        },
        {
            "name": "twig/twig",
            "version": "v1.12.2",
            "source": {
                "type": "git",
                "url": "git://github.com/fabpot/Twig.git",
                "reference": "v1.12.2"
            },
            "dist": {
                "type": "zip",
                "url": "https://api.github.com/repos/fabpot/Twig/zipball/v1.12.2",
                "reference": "v1.12.2",
                "shasum": ""
            },
            "require": {
                "php": ">=5.2.4"
            },
            "time": "2013-02-09 18:21:53",
            "type": "library",
            "extra": {
                "branch-alias": {
                    "dev-master": "1.12-dev"
                }
            },
            "autoload": {
                "psr-0": {
                    "Twig_": "lib/"
                }
            },
            "notification-url": "https://packagist.org/downloads/",
            "license": [
                "BSD-3"
            ],
            "authors": [
                {
                    "name": "Fabien Potencier",
                    "email": "fabien@symfony.com"
                },
                {
                    "name": "Armin Ronacher",
                    "email": "armin.ronacher@active-4.com"
                }
            ],
            "description": "Twig, the flexible, fast, and secure template language for PHP",
            "homepage": "http://twig.sensiolabs.org",
            "keywords": [
                "templating"
            ]
        }
    ],
    "packages-dev": null,
    "aliases": [

    ],
    "minimum-stability": "stable",
    "stability-flags": {
        "friendsofsymfony/rest": 20,
        "friendsofsymfony/rest-bundle": 20,
        "jms/di-extra-bundle": 20,
        "jms/serializer": 20,
        "jms/serializer-bundle": 20,
        "nelmio/api-doc-bundle": 20,
        "doctrine/doctrine-bundle": 20,
        "kriswallsmith/assetic": 20,
        "symfony/assetic-bundle": 20,
        "ornicar/akismet-bundle": 20
    }
}
